{
  "name": "worker",
  "version": "1.0.0",
  "lockfileVersion": 3,
  "requires": true,
  "packages": {
    "": {
      "name": "worker",
      "version": "1.0.0",
      "license": "ISC",
      "dependencies": {
        "@sentry/cloudflare": "10.73.0"
      }
    },
    "node_modules/@jridgewell/sourcemap-codec": {
      "version": "1.6.0",
      "resolved": "https://registry.npmjs.org/@jridgewell/sourcemap-codec/-/sourcemap-codec-1.6.0.tgz",
      "integrity": "sha512-T7jf+5zgsZHwNJ4lvQ7/aezbyk0nNX+zJVWpmHA7VYsEx7a7qr5Rg5IbtJFqkgze5Y2sruq1RUY8Q837Od7iFw==",
      "license": "MIT"
    },
    "node_modules/@opentelemetry/api": {
      "version": "1.9.1",
      "resolved": "https://registry.npmjs.org/@opentelemetry/api/-/api-1.9.1.tgz",
      "integrity": "sha512-gLyJlPHPZYdAk1JENA9LeHejZe1Ti77/pTeFm/nMXmQH/HFZlcS/O2XJB+L8fkbrNSqhdtlvjBVjxwUYanNH5Q==",
      "license": "Apache-2.0",
      "engines": {
        "node": ">=8.0.0"
      }
    },
    "node_modules/@sentry/cloudflare": {
      "version": "10.73.0",
      "resolved": "https://registry.npmjs.org/@sentry/cloudflare/-/cloudflare-10.73.0.tgz",
      "integrity": "sha512-6BmvIbstT8GLdA7xDrjd3oR98tdXh7uwDbnm/Hu3HjO3py0HEQlTypeSZIDVdRpR3veYZ9eT0hJ/74Gp+QZZtQ==",
      "license": "MIT",
      "dependencies": {
        "@opentelemetry/api": "^1.9.1",
        "@sentry/core": "10.73.0",
        "@sentry/server-utils": "10.73.0",
        "magic-string": "~0.30.21"
      },
      "engines": {
        "node": ">=18"
      },
      "peerDependencies": {
        "@cloudflare/workers-types": "^4.x || ^5.x",
        "wrangler": "^4.x"
      },
      "peerDependenciesMeta": {
        "@cloudflare/workers-types": {
          "optional": true
        },
        "wrangler": {
          "optional": true
        }
      }
    },
    "node_modules/@sentry/conventions": {
      "version": "0.16.0",
      "resolved": "https://registry.npmjs.org/@sentry/conventions/-/conventions-0.16.0.tgz",
      "integrity": "sha512-fO9PLmHdVURcSPUpWCItWAtgKiMwGdJHbovoSEyLplX5sxs2ugvI4CBPTrkkgqhObnZOD0CnWBKDzSVQYBKEyQ==",
      "license": "MIT",
      "engines": {
        "node": ">=14"
      }
    },
    "node_modules/@sentry/core": {
      "version": "10.73.0",
      "resolved": "https://registry.npmjs.org/@sentry/core/-/core-10.73.0.tgz",
      "integrity": "sha512-FLO1UgH19RyasVpofu612WCOgb2nEH0dZy+R72d7p65XU9i0wxlMKm3+sgfwKmiSJp1Qhilaaxs4Jg6BbiM5HA==",
      "license": "MIT",
      "dependencies": {
        "@sentry/conventions": "^0.16.0"
      },
      "engines": {
        "node": ">=18"
      }
    },
    "node_modules/@sentry/server-utils": {
      "version": "10.73.0",
      "resolved": "https://registry.npmjs.org/@sentry/server-utils/-/server-utils-10.73.0.tgz",
      "integrity": "sha512-QskripdKFbM/+gipC6mpa2crLwL7+VbkX84IpHg2z9UlYQ1kNKd3aMT+Qk9NLRSw/zu1rSIAvlbWfx4D3rgNAA==",
      "license": "MIT",
      "dependencies": {
        "@sentry/conventions": "^0.16.0",
        "@sentry/core": "10.73.0"
      },
      "engines": {
        "node": ">=18"
      }
    },
    "node_modules/magic-string": {
      "version": "0.30.21",
      "resolved": "https://registry.npmjs.org/magic-string/-/magic-string-0.30.21.tgz",
      "integrity": "sha512-vd2F4YUyEXKGcLHoq+TEyCjxueSeHnFxyyjNp80yg0XV4vUhnDer/lvvlqM/arB5bXQN5K2/3oinyCRyx8T2CQ==",
      "license": "MIT",
      "dependencies": {
        "@jridgewell/sourcemap-codec": "^1.5.5"
      }
    }
  }
}
